FORGE
  remote: https://forgeapi.puppetlabs.com
  specs:
    fervid-snapd (1.2.1)
    herculesteam-augeasproviders_core (3.1.0)
      puppetlabs-stdlib (>= 3.2.0, < 9.0.0)
    herculesteam-augeasproviders_sysctl (2.6.2)
      herculesteam-augeasproviders_core (>= 2.4.0, < 4.0.0)
    mmarseglia-vmware_workstation (2.0.0)
      puppet-archive (>= 0.3.0)
      puppetlabs-stdlib (>= 4.0.0)
    puppet-archive (6.0.2)
      puppetlabs-stdlib (>= 4.18.0, < 9.0.0)
    puppet-nodejs (9.0.1)
      puppetlabs-stdlib (>= 4.25.0, < 9.0.0)
    puppet-systemd (3.5.1)
      puppetlabs-inifile (>= 1.6.0, < 6.0.0)
      puppetlabs-stdlib (>= 4.13.1, < 9.0.0)
    puppetlabs-apt (8.3.0)
      puppetlabs-stdlib (>= 4.16.0, < 9.0.0)
    puppetlabs-concat (7.1.1)
      puppetlabs-stdlib (>= 4.13.1, < 9.0.0)
    puppetlabs-docker (4.1.2)
      puppetlabs-apt (>= 4.4.1, < 9.0.0)
      puppetlabs-powershell (>= 2.1.4, < 6.0.0)
      puppetlabs-reboot (>= 2.0.0, < 5.0.0)
      puppetlabs-stdlib (>= 4.24.0, < 9.0.0)
    puppetlabs-inifile (5.2.0)
      puppetlabs-stdlib (>= 4.13.0, < 9.0.0)
    puppetlabs-java (7.3.0)
      puppet-archive (>= 1.1.0, < 7.0.0)
      puppetlabs-stdlib (>= 4.13.1, < 9.0.0)
    puppetlabs-powershell (5.0.0)
      puppetlabs-pwshlib (>= 0.4.0, < 2.0.0)
    puppetlabs-pwshlib (0.10.1)
    puppetlabs-reboot (4.1.0)
    puppetlabs-stdlib (8.1.0)
    saz-ssh (8.0.0)
      puppetlabs-concat (>= 2.2.0, < 8.0.0)
      puppetlabs-stdlib (>= 4.25.0, < 9.0.0)
    saz-sudo (7.0.2)
      puppetlabs-stdlib (>= 2.6.0, < 9.0.0)

DEPENDENCIES
  fervid-snapd (= 1.2.1)
  herculesteam-augeasproviders_sysctl (= 2.6.2)
  mmarseglia-vmware_workstation (= 2.0.0)
  puppet-nodejs (= 9.0.1)
  puppet-systemd (= 3.5.1)
  puppetlabs-apt (= 8.3.0)
  puppetlabs-docker (= 4.1.2)
  puppetlabs-java (= 7.3.0)
  puppetlabs-stdlib (= 8.1.0)
  saz-ssh (= 8.0.0)
  saz-sudo (= 7.0.2)

